{
  "version": "3",
  "packages": {
    "specifiers": {
      "npm:@anthropic-ai/sdk@^0.32.1": "npm:@anthropic-ai/sdk@0.32.1",
      "npm:@types/node": "npm:@types/node@18.16.19"
    },
    "npm": {
      "@anthropic-ai/sdk@0.32.1": {
        "integrity": "sha512-U9JwTrDvdQ9iWuABVsMLj8nJVwAyQz6QXvgLsVhryhCEPkLsbcP/MXxm+jYcAwLoV8ESbaTTjnD4kuAFa+Hyjg==",
        "dependencies": {
          "@types/node": "@types/node@18.16.19",
          "@types/node-fetch": "@types/node-fetch@2.6.13",
          "abort-controller": "abort-controller@3.0.0",
          "agentkeepalive": "agentkeepalive@4.6.0",
          "form-data-encoder": "form-data-encoder@1.7.2",
          "formdata-node": "formdata-node@4.4.1",
          "node-fetch": "node-fetch@2.7.0"
        }
      },
      "@types/node-fetch@2.6.13": {
        "integrity": "sha512-QGpRVpzSaUs30JBSGPjOg4Uveu384erbHBoT1zeONvyCfwQxIkUshLAOqN/k9EjGviPRmWTTe6aH2qySWKTVSw==",
        "dependencies": {
          "@types/node": "@types/node@18.16.19",
          "form-data": "form-data@4.0.4"
        }
      },
      "@types/node@18.16.19": {
        "integrity": "sha512-IXl7o+R9iti9eBW4Wg2hx1xQDig183jj7YLn8F7udNceyfkbn1ZxmzZXuak20gR40D7pIkIY1kYGx5VIGbaHKA==",
        "dependencies": {}
      },
      "abort-controller@3.0.0": {
        "integrity": "sha512-h8lQ8tacZYnR3vNQTgibj+tODHI5/+l06Au2Pcriv/Gmet0eaj4TwWH41sO9wnHDiQsEj19q0drzdWdeAHtweg==",
        "dependencies": {
          "event-target-shim": "event-target-shim@5.0.1"
        }
      },
      "agentkeepalive@4.6.0": {
        "integrity": "sha512-kja8j7PjmncONqaTsB8fQ+wE2mSU2DJ9D4XKoJ5PFWIdRMa6SLSN1ff4mOr4jCbfRSsxR4keIiySJU0N9T5hIQ==",
        "dependencies": {
          "humanize-ms": "humanize-ms@1.2.1"
        }
      },
      "asynckit@0.4.0": {
        "integrity": "sha512-Oei9OH4tRh0YqU3GxhX79dM/mwVgvbZJaSNaRk+bshkj0S5cfHcgYakreBjrHwatXKbz+IoIdYLxrKim2MjW0Q==",
        "dependencies": {}
      },
      "call-bind-apply-helpers@1.0.2": {
        "integrity": "sha512-Sp1ablJ0ivDkSzjcaJdxEunN5/XvksFJ2sMBFfq6x0ryhQV/2b/KwFe21cMpmHtPOSij8K99/wSfoEuTObmuMQ==",
        "dependencies": {
          "es-errors": "es-errors@1.3.0",
          "function-bind": "function-bind@1.1.2"
        }
      },
      "combined-stream@1.0.8": {
        "integrity": "sha512-FQN4MRfuJeHf7cBbBMJFXhKSDq+2kAArBlmRBvcvFE5BB1HZKXtSFASDhdlz9zOYwxh8lDdnvmMOe/+5cdoEdg==",
        "dependencies": {
          "delayed-stream": "delayed-stream@1.0.0"
        }
      },
      "delayed-stream@1.0.0": {
        "integrity": "sha512-ZySD7Nf91aLB0RxL4KGrKHBXl7Eds1DAmEdcoVawXnLD7SDhpNgtuII2aAkg7a7QS41jxPSZ17p4VdGnMHk3MQ==",
        "dependencies": {}
      },
      "dunder-proto@1.0.1": {
        "integrity": "sha512-KIN/nDJBQRcXw0MLVhZE9iQHmG68qAVIBg9CqmUYjmQIhgij9U5MFvrqkUL5FbtyyzZuOeOt0zdeRe4UY7ct+A==",
        "dependencies": {
          "call-bind-apply-helpers": "call-bind-apply-helpers@1.0.2",
          "es-errors": "es-errors@1.3.0",
          "gopd": "gopd@1.2.0"
        }
      },
      "es-define-property@1.0.1": {
        "integrity": "sha512-e3nRfgfUZ4rNGL232gUgX06QNyyez04KdjFrF+LTRoOXmrOgFKDg4BCdsjW8EnT69eqdYGmRpJwiPVYNrCaW3g==",
        "dependencies": {}
      },
      "es-errors@1.3.0": {
        "integrity": "sha512-Zf5H2Kxt2xjTvbJvP2ZWLEICxA6j+hAmMzIlypy4xcBg1vKVnx89Wy0GbS+kf5cwCVFFzdCFh2XSCFNULS6csw==",
        "dependencies": {}
      },
      "es-object-atoms@1.1.1": {
        "integrity": "sha512-FGgH2h8zKNim9ljj7dankFPcICIK9Cp5bm+c2gQSYePhpaG5+esrLODihIorn+Pe6FGJzWhXQotPv73jTaldXA==",
        "dependencies": {
          "es-errors": "es-errors@1.3.0"
        }
      },
      "es-set-tostringtag@2.1.0": {
        "integrity": "sha512-j6vWzfrGVfyXxge+O0x5sh6cvxAog0a/4Rdd2K36zCMV5eJ+/+tOAngRO8cODMNWbVRdVlmGZQL2YS3yR8bIUA==",
        "dependencies": {
          "es-errors": "es-errors@1.3.0",
          "get-intrinsic": "get-intrinsic@1.3.0",
          "has-tostringtag": "has-tostringtag@1.0.2",
          "hasown": "hasown@2.0.2"
        }
      },
      "event-target-shim@5.0.1": {
        "integrity": "sha512-i/2XbnSz/uxRCU6+NdVJgKWDTM427+MqYbkQzD321DuCQJUqOuJKIA0IM2+W2xtYHdKOmZ4dR6fExsd4SXL+WQ==",
        "dependencies": {}
      },
      "form-data-encoder@1.7.2": {
        "integrity": "sha512-qfqtYan3rxrnCk1VYaA4H+Ms9xdpPqvLZa6xmMgFvhO32x7/3J/ExcTd6qpxM0vH2GdMI+poehyBZvqfMTto8A==",
        "dependencies": {}
      },
      "form-data@4.0.4": {
        "integrity": "sha512-KrGhL9Q4zjj0kiUt5OO4Mr/A/jlI2jDYs5eHBpYHPcBEVSiipAvn2Ko2HnPe20rmcuuvMHNdZFp+4IlGTMF0Ow==",
        "dependencies": {
          "asynckit": "asynckit@0.4.0",
          "combined-stream": "combined-stream@1.0.8",
          "es-set-tostringtag": "es-set-tostringtag@2.1.0",
          "hasown": "hasown@2.0.2",
          "mime-types": "mime-types@2.1.35"
        }
      },
      "formdata-node@4.4.1": {
        "integrity": "sha512-0iirZp3uVDjVGt9p49aTaqjk84TrglENEDuqfdlZQ1roC9CWlPk6Avf8EEnZNcAqPonwkG35x4n3ww/1THYAeQ==",
        "dependencies": {
          "node-domexception": "node-domexception@1.0.0",
          "web-streams-polyfill": "web-streams-polyfill@4.0.0-beta.3"
        }
      },
      "function-bind@1.1.2": {
        "integrity": "sha512-7XHNxH7qX9xG5mIwxkhumTox/MIRNcOgDrxWsMt2pAr23WHp6MrRlN7FBSFpCpr+oVO0F744iUgR82nJMfG2SA==",
        "dependencies": {}
      },
      "get-intrinsic@1.3.0": {
        "integrity": "sha512-9fSjSaos/fRIVIp+xSJlE6lfwhES7LNtKaCBIamHsjr2na1BiABJPo0mOjjz8GJDURarmCPGqaiVg5mfjb98CQ==",
        "dependencies": {
          "call-bind-apply-helpers": "call-bind-apply-helpers@1.0.2",
          "es-define-property": "es-define-property@1.0.1",
          "es-errors": "es-errors@1.3.0",
          "es-object-atoms": "es-object-atoms@1.1.1",
          "function-bind": "function-bind@1.1.2",
          "get-proto": "get-proto@1.0.1",
          "gopd": "gopd@1.2.0",
          "has-symbols": "has-symbols@1.1.0",
          "hasown": "hasown@2.0.2",
          "math-intrinsics": "math-intrinsics@1.1.0"
        }
      },
      "get-proto@1.0.1": {
        "integrity": "sha512-sTSfBjoXBp89JvIKIefqw7U2CCebsc74kiY6awiGogKtoSGbgjYE/G/+l9sF3MWFPNc9IcoOC4ODfKHfxFmp0g==",
        "dependencies": {
          "dunder-proto": "dunder-proto@1.0.1",
          "es-object-atoms": "es-object-atoms@1.1.1"
        }
      },
      "gopd@1.2.0": {
        "integrity": "sha512-ZUKRh6/kUFoAiTAtTYPZJ3hw9wNxx+BIBOijnlG9PnrJsCcSjs1wyyD6vJpaYtgnzDrKYRSqf3OO6Rfa93xsRg==",
        "dependencies": {}
      },
      "has-symbols@1.1.0": {
        "integrity": "sha512-1cDNdwJ2Jaohmb3sg4OmKaMBwuC48sYni5HUw2DvsC8LjGTLK9h+eb1X6RyuOHe4hT0ULCW68iomhjUoKUqlPQ==",
        "dependencies": {}
      },
      "has-tostringtag@1.0.2": {
        "integrity": "sha512-NqADB8VjPFLM2V0VvHUewwwsw0ZWBaIdgo+ieHtK3hasLz4qeCRjYcqfB6AQrBggRKppKF8L52/VqdVsO47Dlw==",
        "dependencies": {
          "has-symbols": "has-symbols@1.1.0"
        }
      },
      "hasown@2.0.2": {
        "integrity": "sha512-0hJU9SCPvmMzIBdZFqNPXWa6dqh7WdH0cII9y+CyS8rG3nL48Bclra9HmKhVVUHyPWNH5Y7xDwAB7bfgSjkUMQ==",
        "dependencies": {
          "function-bind": "function-bind@1.1.2"
        }
      },
      "humanize-ms@1.2.1": {
        "integrity": "sha512-Fl70vYtsAFb/C06PTS9dZBo7ihau+Tu/DNCk/OyHhea07S+aeMWpFFkUaXRa8fI+ScZbEI8dfSxwY7gxZ9SAVQ==",
        "dependencies": {
          "ms": "ms@2.1.3"
        }
      },
      "math-intrinsics@1.1.0": {
        "integrity": "sha512-/IXtbwEk5HTPyEwyKX6hGkYXxM9nbj64B+ilVJnC/R6B0pH5G4V3b0pVbL7DBj4tkhBAppbQUlf6F6Xl9LHu1g==",
        "dependencies": {}
      },
      "mime-db@1.52.0": {
        "integrity": "sha512-sPU4uV7dYlvtWJxwwxHD0PuihVNiE7TyAbQ5SWxDCB9mUYvOgroQOwYQQOKPJ8CIbE+1ETVlOoK1UC2nU3gYvg==",
        "dependencies": {}
      },
      "mime-types@2.1.35": {
        "integrity": "sha512-ZDY+bPm5zTTF+YpCrAU9nK0UgICYPT0QtT1NZWFv4s++TNkcgVaT0g6+4R2uI4MjQjzysHB1zxuWL50hzaeXiw==",
        "dependencies": {
          "mime-db": "mime-db@1.52.0"
        }
      },
      "ms@2.1.3": {
        "integrity": "sha512-6FlzubTLZG3J2a/NVCAleEhjzq5oxgHyaCU9yYXvcLsvoVaHJq/s5xXI6/XXP6tz7R9xAOtHnSO/tXtF3WRTlA==",
        "dependencies": {}
      },
      "node-domexception@1.0.0": {
        "integrity": "sha512-/jKZoMpw0F8GRwl4/eLROPA3cfcXtLApP0QzLmUT/HuPCZWyB7IY9ZrMeKw2O/nFIqPQB3PVM9aYm0F312AXDQ==",
        "dependencies": {}
      },
      "node-fetch@2.7.0": {
        "integrity": "sha512-c4FRfUm/dbcWZ7U+1Wq0AwCyFL+3nt2bEw05wfxSz+DWpWsitgmSgYmy2dQdWyKC1694ELPqMs/YzUSNozLt8A==",
        "dependencies": {
          "whatwg-url": "whatwg-url@5.0.0"
        }
      },
      "tr46@0.0.3": {
        "integrity": "sha512-N3WMsuqV66lT30CrXNbEjx4GEwlow3v6rr4mCcv6prnfwhS01rkgyFdjPNBYd9br7LpXV1+Emh01fHnq2Gdgrw==",
        "dependencies": {}
      },
      "web-streams-polyfill@4.0.0-beta.3": {
        "integrity": "sha512-QW95TCTaHmsYfHDybGMwO5IJIM93I/6vTRk+daHTWFPhwh+C8Cg7j7XyKrwrj8Ib6vYXe0ocYNrmzY4xAAN6ug==",
        "dependencies": {}
      },
      "webidl-conversions@3.0.1": {
        "integrity": "sha512-2JAn3z8AR6rjK8Sm8orRC0h/bcl/DqL7tRPdGZ4I1CjdF+EaMLmYxBHyXuKL849eucPFhvBoxMsflfOb8kxaeQ==",
        "dependencies": {}
      },
      "whatwg-url@5.0.0": {
        "integrity": "sha512-saE57nupxk6v3HY35+jzBwYa0rKSy0XR8JSxZPwgLr7ys0IBzhGviA1/TUGJLmSVqs8pb9AnvICXEuOHLprYTw==",
        "dependencies": {
          "tr46": "tr46@0.0.3",
          "webidl-conversions": "webidl-conversions@3.0.1"
        }
      }
    }
  },
  "redirects": {
    "https://deno.land/std/dotenv/mod.ts": "https://deno.land/std@0.224.0/dotenv/mod.ts"
  },
  "remote": {
    "https://deno.land/std@0.114.0/_util/assert.ts": "2f868145a042a11d5ad0a3c748dcf580add8a0dbc0e876eaa0026303a5488f58",
    "https://deno.land/std@0.114.0/async/deadline.ts": "1d6ac7aeaee22f75eb86e4e105d6161118aad7b41ae2dd14f4cfd3bf97472b93",
    "https://deno.land/std@0.114.0/async/debounce.ts": "b2f693e4baa16b62793fd618de6c003b63228db50ecfe3bd51fc5f6dc0bc264b",
    "https://deno.land/std@0.114.0/async/deferred.ts": "ab60d46ba561abb3b13c0c8085d05797a384b9f182935f051dc67136817acdee",
    "https://deno.land/std@0.114.0/async/delay.ts": "f2d8ccaa8ebc26594bd8b0989edfd8a96257a714c1dee2fb54d986e5bdd840ac",
    "https://deno.land/std@0.114.0/async/mod.ts": "78425176fabea7bd1046ce3819fd69ce40da85c83e0f174d17e8e224a91f7d10",
    "https://deno.land/std@0.114.0/async/mux_async_iterator.ts": "62abff3af9ff619e8f2adc96fc70d4ca020fa48a50c23c13f12d02ed2b760dbe",
    "https://deno.land/std@0.114.0/async/pool.ts": "353ce4f91865da203a097aa6f33de8966340c91b6f4a055611c8c5d534afd12f",
    "https://deno.land/std@0.114.0/async/tee.ts": "3e9f2ef6b36e55188de16a667c702ace4ad0cf84e3720379160e062bf27348ad",
    "https://deno.land/std@0.114.0/bytes/bytes_list.ts": "3bff6a09c72b2e0b1e92e29bd3b135053894196cca07a2bba842901073efe5cb",
    "https://deno.land/std@0.114.0/bytes/equals.ts": "69f55fdbd45c71f920c1a621e6c0865dc780cd8ae34e0f5e55a9497b70c31c1b",
    "https://deno.land/std@0.114.0/bytes/mod.ts": "fedb80b8da2e7ad8dd251148e65f92a04c73d6c5a430b7d197dc39588c8dda6f",
    "https://deno.land/std@0.114.0/datetime/formatter.ts": "bf7befcd2c55c3060be199ebc10e40f9c33aef6141c20f7c781d03beef25a49e",
    "https://deno.land/std@0.114.0/datetime/mod.ts": "ddbf54ca8144583cdf16f49b5a69c6b4594215d7b14fef8fecc5ff73911da9e3",
    "https://deno.land/std@0.114.0/datetime/tokenizer.ts": "492bb6251e75e0c03d5a89a66bd2b03e08e9cbc298d51e002cf59378aaa32c48",
    "https://deno.land/std@0.114.0/encoding/base64.ts": "0b58bd6477214838bf711eef43eac21e47ba9e5c81b2ce185fe25d9ecab3ebb3",
    "https://deno.land/std@0.114.0/encoding/hex.ts": "5bc7df19af498c315cdaba69e2fce1b2aef5fc57344e8c21c08991aa8505a260",
    "https://deno.land/std@0.114.0/fmt/colors.ts": "8368ddf2d48dfe413ffd04cdbb7ae6a1009cf0dccc9c7ff1d76259d9c61a0621",
    "https://deno.land/std@0.114.0/hash/_wasm/hash.ts": "021e1d98319edaf4bd57cf114e858f16c483d21c1057ef3bec8e329e61207c80",
    "https://deno.land/std@0.114.0/hash/_wasm/wasm.js": "7313f3e83e8e7addc6c5504db29dbb5f3e3fd75ab3d0b76b326bd1bea0f36a2e",
    "https://deno.land/std@0.114.0/hash/hasher.ts": "57a9ec05dd48a9eceed319ac53463d9873490feea3832d58679df6eec51c176b",
    "https://deno.land/std@0.114.0/hash/mod.ts": "e06f28bf9a212529cfb90f7f67f0840ad3eae1441d29210972e8224002382047",
    "https://deno.land/std@0.114.0/hash/sha256.ts": "bd85257c68d1fdd9da8457284c4fbb04efa9f4f2229b5f41a638d5b71a3a8d5c",
    "https://deno.land/std@0.114.0/io/buffer.ts": "a587093277c889ded709a933cd7d5b6285978275b2015a7cf9c8a3caad464236",
    "https://deno.land/std@0.219.0/assert/_constants.ts": "a271e8ef5a573f1df8e822a6eb9d09df064ad66a4390f21b3e31f820a38e0975",
    "https://deno.land/std@0.219.0/assert/_diff.ts": "dcc63d94ca289aec80644030cf88ccbf7acaa6fbd7b0f22add93616b36593840",
    "https://deno.land/std@0.219.0/assert/_format.ts": "0ba808961bf678437fb486b56405b6fefad2cf87b5809667c781ddee8c32aff4",
    "https://deno.land/std@0.219.0/assert/assert.ts": "bec068b2fccdd434c138a555b19a2c2393b71dfaada02b7d568a01541e67cdc5",
    "https://deno.land/std@0.219.0/assert/assert_almost_equals.ts": "8b96b7385cc117668b0720115eb6ee73d04c9bcb2f5d2344d674918c9113688f",
    "https://deno.land/std@0.219.0/assert/assert_array_includes.ts": "1688d76317fd45b7e93ef9e2765f112fdf2b7c9821016cdfb380b9445374aed1",
    "https://deno.land/std@0.219.0/assert/assert_equals.ts": "4497c56fe7d2993b0d447926702802fc0becb44e319079e8eca39b482ee01b4e",
    "https://deno.land/std@0.219.0/assert/assert_exists.ts": "24a7bf965e634f909242cd09fbaf38bde6b791128ece08e33ab08586a7cc55c9",
    "https://deno.land/std@0.219.0/assert/assert_false.ts": "6f382568e5128c0f855e5f7dbda8624c1ed9af4fcc33ef4a9afeeedcdce99769",
    "https://deno.land/std@0.219.0/assert/assert_greater.ts": "4945cf5729f1a38874d7e589e0fe5cc5cd5abe5573ca2ddca9d3791aa891856c",
    "https://deno.land/std@0.219.0/assert/assert_greater_or_equal.ts": "573ed8823283b8d94b7443eb69a849a3c369a8eb9666b2d1db50c33763a5d219",
    "https://deno.land/std@0.219.0/assert/assert_instance_of.ts": "72dc1faff1e248692d873c89382fa1579dd7b53b56d52f37f9874a75b11ba444",
    "https://deno.land/std@0.219.0/assert/assert_is_error.ts": "6596f2b5ba89ba2fe9b074f75e9318cda97a2381e59d476812e30077fbdb6ed2",
    "https://deno.land/std@0.219.0/assert/assert_less.ts": "2b4b3fe7910f65f7be52212f19c3977ecb8ba5b2d6d0a296c83cde42920bb005",
    "https://deno.land/std@0.219.0/assert/assert_less_or_equal.ts": "b93d212fe669fbde959e35b3437ac9a4468f2e6b77377e7b6ea2cfdd825d38a0",
    "https://deno.land/std@0.219.0/assert/assert_match.ts": "ec2d9680ed3e7b9746ec57ec923a17eef6d476202f339ad91d22277d7f1d16e1",
    "https://deno.land/std@0.219.0/assert/assert_not_equals.ts": "ac86413ab70ffb14fdfc41740ba579a983fe355ba0ce4a9ab685e6b8e7f6a250",
    "https://deno.land/std@0.219.0/assert/assert_not_instance_of.ts": "8f720d92d83775c40b2542a8d76c60c2d4aeddaf8713c8d11df8984af2604931",
    "https://deno.land/std@0.219.0/assert/assert_not_match.ts": "b4b7c77f146963e2b673c1ce4846473703409eb93f5ab0eb60f6e6f8aeffe39f",
    "https://deno.land/std@0.219.0/assert/assert_not_strict_equals.ts": "da0b8ab60a45d5a9371088378e5313f624799470c3b54c76e8b8abeec40a77be",
    "https://deno.land/std@0.219.0/assert/assert_object_match.ts": "e85e5eef62a56ce364c3afdd27978ccab979288a3e772e6855c270a7b118fa49",
    "https://deno.land/std@0.219.0/assert/assert_rejects.ts": "5206ac37d883797d9504e3915a0c7b692df6efcdefff3889cc14bb5a325641dd",
    "https://deno.land/std@0.219.0/assert/assert_strict_equals.ts": "0425a98f70badccb151644c902384c12771a93e65f8ff610244b8147b03a2366",
    "https://deno.land/std@0.219.0/assert/assert_string_includes.ts": "dfb072a890167146f8e5bdd6fde887ce4657098e9f71f12716ef37f35fb6f4a7",
    "https://deno.land/std@0.219.0/assert/assert_throws.ts": "31f3c061338aec2c2c33731973d58ccd4f14e42f355501541409ee958d2eb8e5",
    "https://deno.land/std@0.219.0/assert/assertion_error.ts": "9f689a101ee586c4ce92f52fa7ddd362e86434ffdf1f848e45987dc7689976b8",
    "https://deno.land/std@0.219.0/assert/equal.ts": "fae5e8a52a11d3ac694bbe1a53e13a7969e3f60791262312e91a3e741ae519e2",
    "https://deno.land/std@0.219.0/assert/fail.ts": "f310e51992bac8e54f5fd8e44d098638434b2edb802383690e0d7a9be1979f1c",
    "https://deno.land/std@0.219.0/assert/mod.ts": "7e41449e77a31fef91534379716971bebcfc12686e143d38ada5438e04d4a90e",
    "https://deno.land/std@0.219.0/assert/unimplemented.ts": "47ca67d1c6dc53abd0bd729b71a31e0825fc452dbcd4fde4ca06789d5644e7fd",
    "https://deno.land/std@0.219.0/assert/unreachable.ts": "3670816a4ab3214349acb6730e3e6f5299021234657eefe05b48092f3848c270",
    "https://deno.land/std@0.219.0/fmt/colors.ts": "d239d84620b921ea520125d778947881f62c50e78deef2657073840b8af9559a",
    "https://deno.land/std@0.224.0/dotenv/mod.ts": "0180eaeedaaf88647318811cdaa418cc64dc51fb08354f91f5f480d0a1309f7d",
    "https://deno.land/std@0.224.0/dotenv/parse.ts": "09977ff88dfd1f24f9973a338f0f91bbdb9307eb5ff6085446e7c423e4c7ba0c",
    "https://deno.land/std@0.224.0/dotenv/stringify.ts": "275da322c409170160440836342eaa7cf012a1d11a7e700d8ca4e7f2f8aa4615",
    "https://deno.land/x/postgres@v0.14.2/client.ts": "06b636869904b090c998f79620ae0a0ea062c204728e236c76cb45e31ca9dee5",
    "https://deno.land/x/postgres@v0.14.2/client/error.ts": "60b9a575b694a92657654165f6737acbe9fb4bbc1ecf1359a12b413129bb6cdf",
    "https://deno.land/x/postgres@v0.14.2/connection/auth.ts": "f397ca9bcd8cf40644085bb030f232ae691749d77ad10693f2e33e07b977bc47",
    "https://deno.land/x/postgres@v0.14.2/connection/connection.ts": "3f0959e1d3e76f6feb03502779fe981dfaa72edaffe6a9bcafeeecabd0fe48d1",
    "https://deno.land/x/postgres@v0.14.2/connection/connection_params.ts": "e5621de3b9563734455602f01ce7b20add950ee882b81866d3d3b43db8daa6fb",
    "https://deno.land/x/postgres@v0.14.2/connection/message.ts": "f9257948b7f87d58bfbfe3fc6e2e08f0de3ef885655904d56a5f73655cc22c5a",
    "https://deno.land/x/postgres@v0.14.2/connection/message_code.ts": "466719008b298770c366c5c63f6cf8285b7f76514dadb4b11e7d9756a8a1ddbf",
    "https://deno.land/x/postgres@v0.14.2/connection/packet.ts": "050aeff1fc13c9349e89451a155ffcd0b1343dc313a51f84439e3e45f64b56c8",
    "https://deno.land/x/postgres@v0.14.2/connection/scram.ts": "11316f3181a21b6bdd8e7c66442469a0c956bd6cf46b086c9199668b3c37654c",
    "https://deno.land/x/postgres@v0.14.2/deps.ts": "dfc89682720edaecadc553d99103333c7f01398d00baced04a350d6288bdd7ee",
    "https://deno.land/x/postgres@v0.14.2/mod.ts": "d30a3e499b827b645bc396e6c9cdab9814dfc99a3e5b2f9a55fbc83b68d7b079",
    "https://deno.land/x/postgres@v0.14.2/pool.ts": "d1277c33156b15b39786fc4a5d2278d8d3b73416d4bca4a5b0bb5e2913d117ed",
    "https://deno.land/x/postgres@v0.14.2/query/array_parser.ts": "f8a229d82c3801de8266fa2cc4afe12e94fef8d0c479e73655c86ed3667ef33f",
    "https://deno.land/x/postgres@v0.14.2/query/decode.ts": "44a4a6cbcf494ed91a4fecae38a57dce63a7b519166f02c702791d9717371419",
    "https://deno.land/x/postgres@v0.14.2/query/decoders.ts": "4f654e12c2a9f0a52c40cd2986d817e5dbec57cd4ad093ea6cbe996d797f6e37",
    "https://deno.land/x/postgres@v0.14.2/query/encode.ts": "990a49b10b4fe2724a88bafe1c05c3df4cdba686f8baa2ec16b739ff0628b87d",
    "https://deno.land/x/postgres@v0.14.2/query/oid.ts": "8c33e1325f34e4ca9f11a48b8066c8cfcace5f64bc1eb17ad7247af4936999e1",
    "https://deno.land/x/postgres@v0.14.2/query/query.ts": "36c191c3ed4f089dd281bea641a0974569993a88e0049e05d8087cd9b0f87406",
    "https://deno.land/x/postgres@v0.14.2/query/transaction.ts": "e2902f3afed91e2697692f1f0d1edf302be7e5692c2c2e291d5c7ae039daef34",
    "https://deno.land/x/postgres@v0.14.2/query/types.ts": "a6dc8024867fe7ccb0ba4b4fa403ee5d474c7742174128c8e689c3b5e5eaa933",
    "https://deno.land/x/postgres@v0.14.2/utils/deferred.ts": "3c203ba0bebae5a33edd95d59c633d3f8b887c9856ad406642ac5a3c47ba005a",
    "https://deno.land/x/postgres@v0.14.2/utils/utils.ts": "0706bde6e189f28deb283df30193b1d4d0b3b737f1ff90e1170fcaecd7b8ffd5"
  },
  "workspace": {
    "dependencies": [
      "npm:@anthropic-ai/sdk@^0.32.1"
    ]
  }
}
